
Microsoft Visual Studio Solution File, Format Version 12.00
# Visual Studio Version 17
VisualStudioVersion = 17.1.32421.90
MinimumVisualStudioVersion = 10.0.40219.1
Project("{2150E333-8FDC-42A3-9474-1A3956D46DE8}") = "LIBRARY", "LIBRARY", "{ADCD47D3-6F19-4940-981B-0BBFF113ABCC}"
EndProject
Project("{9A19103F-16F7-4668-BE54-9A1E7A4F7556}") = "FTPLib", "Library\FTPLib\FTPLib.csproj", "{B3409AFD-4BA3-4E9B-B922-B5AF34A3777D}"
EndProject
Project("{2150E333-8FDC-42A3-9474-1A3956D46DE8}") = "UI", "UI", "{37F4E1B1-A002-4A9C-9C9D-E309A22D8C80}"
EndProject
Project("{2150E333-8FDC-42A3-9474-1A3956D46DE8}") = "TEST", "TEST", "{45DEA111-EA69-4C1A-B8DF-4DFFB4D33937}"
EndProject
Project("{9A19103F-16F7-4668-BE54-9A1E7A4F7556}") = "FTPTestLib", "Test\TestLibrary\FTPTestLib.csproj", "{A20E7DFF-EE1C-4029-A392-08D669851DCF}"
EndProject
Project("{9A19103F-16F7-4668-BE54-9A1E7A4F7556}") = "FTPCommandApp", "UI\FTPCommandApp\FTPCommandApp.csproj", "{1E4895B9-5E90-495F-98A3-336CACC3C18C}"
EndProject
Project("{2150E333-8FDC-42A3-9474-1A3956D46DE8}") = "PERSISTENCE", "PERSISTENCE", "{729C747F-AFB7-46C7-B7FF-7F1AC75BFD7E}"
EndProject
Project("{9A19103F-16F7-4668-BE54-9A1E7A4F7556}") = "FTPPersistence", "FTPPersistence\FTPPersistence.csproj", "{CBC92205-99DC-4203-8987-04113006B2E3}"
EndProject
Project("{2150E333-8FDC-42A3-9474-1A3956D46DE8}") = "CORE", "CORE", "{340AB704-ECAD-43B8-8BF5-46D0317B39CE}"
EndProject
Project("{9A19103F-16F7-4668-BE54-9A1E7A4F7556}") = "CORE", "CORE\CORE.csproj", "{9EC449E5-01AE-423F-B16F-4950369951A1}"
EndProject
Project("{9A19103F-16F7-4668-BE54-9A1E7A4F7556}") = "FTPDbFileHandlerTest", "Test\FTPDbFileHandlerTest\FTPDbFileHandlerTest.csproj", "{56524E50-88E9-48E3-AB14-1B7D554C4B60}"
EndProject
Project("{FAE04EC0-301F-11D3-BF4B-00C04F79EFBC}") = "FTPConsoleApp", "UI\FTPConsoleApp\FTPConsoleApp.csproj", "{839D0BD4-F99F-416F-A884-A7C822C9E6D4}"
EndProject
Project("{9A19103F-16F7-4668-BE54-9A1E7A4F7556}") = "FTPCommandAppTest", "Test\FTPCommandAppTest\FTPCommandAppTest.csproj", "{33EA907C-97F6-401C-BCC7-E4D474328FD6}"
EndProject
Project("{2150E333-8FDC-42A3-9474-1A3956D46DE8}") = "API", "API", "{61287511-6BB4-474A-9849-E2E8C642D56A}"
EndProject
Project("{9A19103F-16F7-4668-BE54-9A1E7A4F7556}") = "FTPAPI", "FTPAPI\FTPAPI.csproj", "{56DDB996-03A6-46B5-AC6C-4DE09A362072}"
EndProject
Global
	GlobalSection(SolutionConfigurationPlatforms) = preSolution
		Debug|Any CPU = Debug|Any CPU
		Debug|x64 = Debug|x64
		Debug|x86 = Debug|x86
		Release|Any CPU = Release|Any CPU
		Release|x64 = Release|x64
		Release|x86 = Release|x86
	EndGlobalSection
	GlobalSection(ProjectConfigurationPlatforms) = postSolution
		{B3409AFD-4BA3-4E9B-B922-B5AF34A3777D}.Debug|Any CPU.ActiveCfg = Debug|Any CPU
		{B3409AFD-4BA3-4E9B-B922-B5AF34A3777D}.Debug|Any CPU.Build.0 = Debug|Any CPU
		{B3409AFD-4BA3-4E9B-B922-B5AF34A3777D}.Debug|x64.ActiveCfg = Debug|Any CPU
		{B3409AFD-4BA3-4E9B-B922-B5AF34A3777D}.Debug|x64.Build.0 = Debug|Any CPU
		{B3409AFD-4BA3-4E9B-B922-B5AF34A3777D}.Debug|x86.ActiveCfg = Debug|Any CPU
		{B3409AFD-4BA3-4E9B-B922-B5AF34A3777D}.Debug|x86.Build.0 = Debug|Any CPU
		{B3409AFD-4BA3-4E9B-B922-B5AF34A3777D}.Release|Any CPU.ActiveCfg = Release|Any CPU
		{B3409AFD-4BA3-4E9B-B922-B5AF34A3777D}.Release|Any CPU.Build.0 = Release|Any CPU
		{B3409AFD-4BA3-4E9B-B922-B5AF34A3777D}.Release|x64.ActiveCfg = Release|Any CPU
		{B3409AFD-4BA3-4E9B-B922-B5AF34A3777D}.Release|x64.Build.0 = Release|Any CPU
		{B3409AFD-4BA3-4E9B-B922-B5AF34A3777D}.Release|x86.ActiveCfg = Release|Any CPU
		{B3409AFD-4BA3-4E9B-B922-B5AF34A3777D}.Release|x86.Build.0 = Release|Any CPU
		{A20E7DFF-EE1C-4029-A392-08D669851DCF}.Debug|Any CPU.ActiveCfg = Debug|Any CPU
		{A20E7DFF-EE1C-4029-A392-08D669851DCF}.Debug|Any CPU.Build.0 = Debug|Any CPU
		{A20E7DFF-EE1C-4029-A392-08D669851DCF}.Debug|x64.ActiveCfg = Debug|Any CPU
		{A20E7DFF-EE1C-4029-A392-08D669851DCF}.Debug|x64.Build.0 = Debug|Any CPU
		{A20E7DFF-EE1C-4029-A392-08D669851DCF}.Debug|x86.ActiveCfg = Debug|Any CPU
		{A20E7DFF-EE1C-4029-A392-08D669851DCF}.Debug|x86.Build.0 = Debug|Any CPU
		{A20E7DFF-EE1C-4029-A392-08D669851DCF}.Release|Any CPU.ActiveCfg = Release|Any CPU
		{A20E7DFF-EE1C-4029-A392-08D669851DCF}.Release|Any CPU.Build.0 = Release|Any CPU
		{A20E7DFF-EE1C-4029-A392-08D669851DCF}.Release|x64.ActiveCfg = Release|Any CPU
		{A20E7DFF-EE1C-4029-A392-08D669851DCF}.Release|x64.Build.0 = Release|Any CPU
		{A20E7DFF-EE1C-4029-A392-08D669851DCF}.Release|x86.ActiveCfg = Release|Any CPU
		{A20E7DFF-EE1C-4029-A392-08D669851DCF}.Release|x86.Build.0 = Release|Any CPU
		{1E4895B9-5E90-495F-98A3-336CACC3C18C}.Debug|Any CPU.ActiveCfg = Debug|Any CPU
		{1E4895B9-5E90-495F-98A3-336CACC3C18C}.Debug|Any CPU.Build.0 = Debug|Any CPU
		{1E4895B9-5E90-495F-98A3-336CACC3C18C}.Debug|x64.ActiveCfg = Debug|Any CPU
		{1E4895B9-5E90-495F-98A3-336CACC3C18C}.Debug|x64.Build.0 = Debug|Any CPU
		{1E4895B9-5E90-495F-98A3-336CACC3C18C}.Debug|x86.ActiveCfg = Debug|Any CPU
		{1E4895B9-5E90-495F-98A3-336CACC3C18C}.Debug|x86.Build.0 = Debug|Any CPU
		{1E4895B9-5E90-495F-98A3-336CACC3C18C}.Release|Any CPU.ActiveCfg = Release|Any CPU
		{1E4895B9-5E90-495F-98A3-336CACC3C18C}.Release|Any CPU.Build.0 = Release|Any CPU
		{1E4895B9-5E90-495F-98A3-336CACC3C18C}.Release|x64.ActiveCfg = Release|Any CPU
		{1E4895B9-5E90-495F-98A3-336CACC3C18C}.Release|x64.Build.0 = Release|Any CPU
		{1E4895B9-5E90-495F-98A3-336CACC3C18C}.Release|x86.ActiveCfg = Release|Any CPU
		{1E4895B9-5E90-495F-98A3-336CACC3C18C}.Release|x86.Build.0 = Release|Any CPU
		{CBC92205-99DC-4203-8987-04113006B2E3}.Debug|Any CPU.ActiveCfg = Debug|Any CPU
		{CBC92205-99DC-4203-8987-04113006B2E3}.Debug|Any CPU.Build.0 = Debug|Any CPU
		{CBC92205-99DC-4203-8987-04113006B2E3}.Debug|x64.ActiveCfg = Debug|Any CPU
		{CBC92205-99DC-4203-8987-04113006B2E3}.Debug|x64.Build.0 = Debug|Any CPU
		{CBC92205-99DC-4203-8987-04113006B2E3}.Debug|x86.ActiveCfg = Debug|Any CPU
		{CBC92205-99DC-4203-8987-04113006B2E3}.Debug|x86.Build.0 = Debug|Any CPU
		{CBC92205-99DC-4203-8987-04113006B2E3}.Release|Any CPU.ActiveCfg = Release|Any CPU
		{CBC92205-99DC-4203-8987-04113006B2E3}.Release|Any CPU.Build.0 = Release|Any CPU
		{CBC92205-99DC-4203-8987-04113006B2E3}.Release|x64.ActiveCfg = Release|Any CPU
		{CBC92205-99DC-4203-8987-04113006B2E3}.Release|x64.Build.0 = Release|Any CPU
		{CBC92205-99DC-4203-8987-04113006B2E3}.Release|x86.ActiveCfg = Release|Any CPU
		{CBC92205-99DC-4203-8987-04113006B2E3}.Release|x86.Build.0 = Release|Any CPU
		{9EC449E5-01AE-423F-B16F-4950369951A1}.Debug|Any CPU.ActiveCfg = Debug|Any CPU
		{9EC449E5-01AE-423F-B16F-4950369951A1}.Debug|Any CPU.Build.0 = Debug|Any CPU
		{9EC449E5-01AE-423F-B16F-4950369951A1}.Debug|x64.ActiveCfg = Debug|Any CPU
		{9EC449E5-01AE-423F-B16F-4950369951A1}.Debug|x64.Build.0 = Debug|Any CPU
		{9EC449E5-01AE-423F-B16F-4950369951A1}.Debug|x86.ActiveCfg = Debug|Any CPU
		{9EC449E5-01AE-423F-B16F-4950369951A1}.Debug|x86.Build.0 = Debug|Any CPU
		{9EC449E5-01AE-423F-B16F-4950369951A1}.Release|Any CPU.ActiveCfg = Release|Any CPU
		{9EC449E5-01AE-423F-B16F-4950369951A1}.Release|Any CPU.Build.0 = Release|Any CPU
		{9EC449E5-01AE-423F-B16F-4950369951A1}.Release|x64.ActiveCfg = Release|Any CPU
		{9EC449E5-01AE-423F-B16F-4950369951A1}.Release|x64.Build.0 = Release|Any CPU
		{9EC449E5-01AE-423F-B16F-4950369951A1}.Release|x86.ActiveCfg = Release|Any CPU
		{9EC449E5-01AE-423F-B16F-4950369951A1}.Release|x86.Build.0 = Release|Any CPU
		{56524E50-88E9-48E3-AB14-1B7D554C4B60}.Debug|Any CPU.ActiveCfg = Debug|Any CPU
		{56524E50-88E9-48E3-AB14-1B7D554C4B60}.Debug|Any CPU.Build.0 = Debug|Any CPU
		{56524E50-88E9-48E3-AB14-1B7D554C4B60}.Debug|x64.ActiveCfg = Debug|Any CPU
		{56524E50-88E9-48E3-AB14-1B7D554C4B60}.Debug|x64.Build.0 = Debug|Any CPU
		{56524E50-88E9-48E3-AB14-1B7D554C4B60}.Debug|x86.ActiveCfg = Debug|Any CPU
		{56524E50-88E9-48E3-AB14-1B7D554C4B60}.Debug|x86.Build.0 = Debug|Any CPU
		{56524E50-88E9-48E3-AB14-1B7D554C4B60}.Release|Any CPU.ActiveCfg = Release|Any CPU
		{56524E50-88E9-48E3-AB14-1B7D554C4B60}.Release|Any CPU.Build.0 = Release|Any CPU
		{56524E50-88E9-48E3-AB14-1B7D554C4B60}.Release|x64.ActiveCfg = Release|Any CPU
		{56524E50-88E9-48E3-AB14-1B7D554C4B60}.Release|x64.Build.0 = Release|Any CPU
		{56524E50-88E9-48E3-AB14-1B7D554C4B60}.Release|x86.ActiveCfg = Release|Any CPU
		{56524E50-88E9-48E3-AB14-1B7D554C4B60}.Release|x86.Build.0 = Release|Any CPU
		{839D0BD4-F99F-416F-A884-A7C822C9E6D4}.Debug|Any CPU.ActiveCfg = Debug|Any CPU
		{839D0BD4-F99F-416F-A884-A7C822C9E6D4}.Debug|Any CPU.Build.0 = Debug|Any CPU
		{839D0BD4-F99F-416F-A884-A7C822C9E6D4}.Debug|x64.ActiveCfg = Debug|Any CPU
		{839D0BD4-F99F-416F-A884-A7C822C9E6D4}.Debug|x64.Build.0 = Debug|Any CPU
		{839D0BD4-F99F-416F-A884-A7C822C9E6D4}.Debug|x86.ActiveCfg = Debug|Any CPU
		{839D0BD4-F99F-416F-A884-A7C822C9E6D4}.Debug|x86.Build.0 = Debug|Any CPU
		{839D0BD4-F99F-416F-A884-A7C822C9E6D4}.Release|Any CPU.ActiveCfg = Release|Any CPU
		{839D0BD4-F99F-416F-A884-A7C822C9E6D4}.Release|Any CPU.Build.0 = Release|Any CPU
		{839D0BD4-F99F-416F-A884-A7C822C9E6D4}.Release|x64.ActiveCfg = Release|Any CPU
		{839D0BD4-F99F-416F-A884-A7C822C9E6D4}.Release|x64.Build.0 = Release|Any CPU
		{839D0BD4-F99F-416F-A884-A7C822C9E6D4}.Release|x86.ActiveCfg = Release|Any CPU
		{839D0BD4-F99F-416F-A884-A7C822C9E6D4}.Release|x86.Build.0 = Release|Any CPU
		{33EA907C-97F6-401C-BCC7-E4D474328FD6}.Debug|Any CPU.ActiveCfg = Debug|Any CPU
		{33EA907C-97F6-401C-BCC7-E4D474328FD6}.Debug|Any CPU.Build.0 = Debug|Any CPU
		{33EA907C-97F6-401C-BCC7-E4D474328FD6}.Debug|x64.ActiveCfg = Debug|Any CPU
		{33EA907C-97F6-401C-BCC7-E4D474328FD6}.Debug|x64.Build.0 = Debug|Any CPU
		{33EA907C-97F6-401C-BCC7-E4D474328FD6}.Debug|x86.ActiveCfg = Debug|Any CPU
		{33EA907C-97F6-401C-BCC7-E4D474328FD6}.Debug|x86.Build.0 = Debug|Any CPU
		{33EA907C-97F6-401C-BCC7-E4D474328FD6}.Release|Any CPU.ActiveCfg = Release|Any CPU
		{33EA907C-97F6-401C-BCC7-E4D474328FD6}.Release|Any CPU.Build.0 = Release|Any CPU
		{33EA907C-97F6-401C-BCC7-E4D474328FD6}.Release|x64.ActiveCfg = Release|Any CPU
		{33EA907C-97F6-401C-BCC7-E4D474328FD6}.Release|x64.Build.0 = Release|Any CPU
		{33EA907C-97F6-401C-BCC7-E4D474328FD6}.Release|x86.ActiveCfg = Release|Any CPU
		{33EA907C-97F6-401C-BCC7-E4D474328FD6}.Release|x86.Build.0 = Release|Any CPU
		{56DDB996-03A6-46B5-AC6C-4DE09A362072}.Debug|Any CPU.ActiveCfg = Debug|Any CPU
		{56DDB996-03A6-46B5-AC6C-4DE09A362072}.Debug|Any CPU.Build.0 = Debug|Any CPU
		{56DDB996-03A6-46B5-AC6C-4DE09A362072}.Debug|x64.ActiveCfg = Debug|Any CPU
		{56DDB996-03A6-46B5-AC6C-4DE09A362072}.Debug|x64.Build.0 = Debug|Any CPU
		{56DDB996-03A6-46B5-AC6C-4DE09A362072}.Debug|x86.ActiveCfg = Debug|Any CPU
		{56DDB996-03A6-46B5-AC6C-4DE09A362072}.Debug|x86.Build.0 = Debug|Any CPU
		{56DDB996-03A6-46B5-AC6C-4DE09A362072}.Release|Any CPU.ActiveCfg = Release|Any CPU
		{56DDB996-03A6-46B5-AC6C-4DE09A362072}.Release|Any CPU.Build.0 = Release|Any CPU
		{56DDB996-03A6-46B5-AC6C-4DE09A362072}.Release|x64.ActiveCfg = Release|Any CPU
		{56DDB996-03A6-46B5-AC6C-4DE09A362072}.Release|x64.Build.0 = Release|Any CPU
		{56DDB996-03A6-46B5-AC6C-4DE09A362072}.Release|x86.ActiveCfg = Release|Any CPU
		{56DDB996-03A6-46B5-AC6C-4DE09A362072}.Release|x86.Build.0 = Release|Any CPU
	EndGlobalSection
	GlobalSection(SolutionProperties) = preSolution
		HideSolutionNode = FALSE
	EndGlobalSection
	GlobalSection(NestedProjects) = preSolution
		{B3409AFD-4BA3-4E9B-B922-B5AF34A3777D} = {ADCD47D3-6F19-4940-981B-0BBFF113ABCC}
		{A20E7DFF-EE1C-4029-A392-08D669851DCF} = {45DEA111-EA69-4C1A-B8DF-4DFFB4D33937}
		{1E4895B9-5E90-495F-98A3-336CACC3C18C} = {37F4E1B1-A002-4A9C-9C9D-E309A22D8C80}
		{CBC92205-99DC-4203-8987-04113006B2E3} = {729C747F-AFB7-46C7-B7FF-7F1AC75BFD7E}
		{9EC449E5-01AE-423F-B16F-4950369951A1} = {340AB704-ECAD-43B8-8BF5-46D0317B39CE}
		{56524E50-88E9-48E3-AB14-1B7D554C4B60} = {45DEA111-EA69-4C1A-B8DF-4DFFB4D33937}
		{839D0BD4-F99F-416F-A884-A7C822C9E6D4} = {37F4E1B1-A002-4A9C-9C9D-E309A22D8C80}
		{33EA907C-97F6-401C-BCC7-E4D474328FD6} = {45DEA111-EA69-4C1A-B8DF-4DFFB4D33937}
		{56DDB996-03A6-46B5-AC6C-4DE09A362072} = {61287511-6BB4-474A-9849-E2E8C642D56A}
	EndGlobalSection
	GlobalSection(ExtensibilityGlobals) = postSolution
		SolutionGuid = {B98B5EA6-35DB-4464-8D47-3325857F9CEB}
	EndGlobalSection
EndGlobal
